
Microsoft Visual Studio Solution File, Format Version 12.00
# Visual Studio 14
VisualStudioVersion = 14.0.25420.1
MinimumVisualStudioVersion = 10.0.40219.1
Project("{FAE04EC0-301F-11D3-BF4B-00C04F79EFBC}") = "LesApp0", "LesApp0\LesApp0.csproj", "{42819F78-B659-4F15-B091-8F39D6B3C01B}"
EndProject
Project("{FAE04EC0-301F-11D3-BF4B-00C04F79EFBC}") = "LesApp1", "LesApp1\LesApp1.csproj", "{ACDEF77B-C4EB-44D9-89CB-0C4EBF859F62}"
EndProject
Project("{FAE04EC0-301F-11D3-BF4B-00C04F79EFBC}") = "LesApp2", "LesApp2\LesApp2.csproj", "{A571D4AC-033A-487E-A751-4A14DBE48881}"
EndProject
Global
	GlobalSection(SolutionConfigurationPlatforms) = preSolution
		Debug|Any CPU = Debug|Any CPU
		Release|Any CPU = Release|Any CPU
	EndGlobalSection
	GlobalSection(ProjectConfigurationPlatforms) = postSolution
		{42819F78-B659-4F15-B091-8F39D6B3C01B}.Debug|Any CPU.ActiveCfg = Debug|Any CPU
		{42819F78-B659-4F15-B091-8F39D6B3C01B}.Debug|Any CPU.Build.0 = Debug|Any CPU
		{42819F78-B659-4F15-B091-8F39D6B3C01B}.Release|Any CPU.ActiveCfg = Release|Any CPU
		{42819F78-B659-4F15-B091-8F39D6B3C01B}.Release|Any CPU.Build.0 = Release|Any CPU
		{ACDEF77B-C4EB-44D9-89CB-0C4EBF859F62}.Debug|Any CPU.ActiveCfg = Debug|Any CPU
		{ACDEF77B-C4EB-44D9-89CB-0C4EBF859F62}.Debug|Any CPU.Build.0 = Debug|Any CPU
		{ACDEF77B-C4EB-44D9-89CB-0C4EBF859F62}.Release|Any CPU.ActiveCfg = Release|Any CPU
		{ACDEF77B-C4EB-44D9-89CB-0C4EBF859F62}.Release|Any CPU.Build.0 = Release|Any CPU
		{A571D4AC-033A-487E-A751-4A14DBE48881}.Debug|Any CPU.ActiveCfg = Debug|Any CPU
		{A571D4AC-033A-487E-A751-4A14DBE48881}.Debug|Any CPU.Build.0 = Debug|Any CPU
		{A571D4AC-033A-487E-A751-4A14DBE48881}.Release|Any CPU.ActiveCfg = Release|Any CPU
		{A571D4AC-033A-487E-A751-4A14DBE48881}.Release|Any CPU.Build.0 = Release|Any CPU
	EndGlobalSection
	GlobalSection(SolutionProperties) = preSolution
		HideSolutionNode = FALSE
	EndGlobalSection
EndGlobal
